// !$*UTF8*$!
{
	archiveVersion = 1;
	classes = {
	};
	objectVersion = 56;
	objects = {

/* Begin PBXBuildFile section */
		5A0167302A9758C20035901F /* AppDelegate.swift in Sources */ = {isa = PBXBuildFile; fileRef = 5A01672F2A9758C20035901F /* AppDelegate.swift */; };
		5A0167372A9758C20035901F /* Main.storyboard in Resources */ = {isa = PBXBuildFile; fileRef = 5A0167352A9758C20035901F /* Main.storyboard */; };
		5A0167392A9758C90035901F /* Assets.xcassets in Resources */ = {isa = PBXBuildFile; fileRef = 5A0167382A9758C90035901F /* Assets.xcassets */; };
		5A01673C2A9758C90035901F /* LaunchScreen.storyboard in Resources */ = {isa = PBXBuildFile; fileRef = 5A01673A2A9758C90035901F /* LaunchScreen.storyboard */; };
		5A0167452A975B010035901F /* EasyConfetti in Frameworks */ = {isa = PBXBuildFile; productRef = 5A0167442A975B010035901F /* EasyConfetti */; };
		5A0167472A975D980035901F /* AnimateView.swift in Sources */ = {isa = PBXBuildFile; fileRef = 5A0167462A975D980035901F /* AnimateView.swift */; };
		5A01674A2A975E480035901F /* Configuration.swift in Sources */ = {isa = PBXBuildFile; fileRef = 5A0167492A975E480035901F /* Configuration.swift */; };
		5A01674C2A975F010035901F /* Array+Extension.swift in Sources */ = {isa = PBXBuildFile; fileRef = 5A01674B2A975F010035901F /* Array+Extension.swift */; };
		5A01674E2A975F950035901F /* ImageGenerator.swift in Sources */ = {isa = PBXBuildFile; fileRef = 5A01674D2A975F950035901F /* ImageGenerator.swift */; };
		5A0167502A9789B20035901F /* AnimateViewController.swift in Sources */ = {isa = PBXBuildFile; fileRef = 5A01674F2A9789B20035901F /* AnimateViewController.swift */; };
		5AEDAAB72A9791E9003A9089 /* LabelAnimation.swift in Sources */ = {isa = PBXBuildFile; fileRef = 5AEDAAB62A9791E9003A9089 /* LabelAnimation.swift */; };
		5AEDAAB92A9792B9003A9089 /* DWAnimate.swift in Sources */ = {isa = PBXBuildFile; fileRef = 5AEDAAB82A9792B9003A9089 /* DWAnimate.swift */; };
		5AEDAABB2A9792E2003A9089 /* DWHallow.swift in Sources */ = {isa = PBXBuildFile; fileRef = 5AEDAABA2A9792E2003A9089 /* DWHallow.swift */; };
/* End PBXBuildFile section */

/* Begin PBXFileReference section */
		5A01672C2A9758C20035901F /* AnimationDemo.app */ = {isa = PBXFileReference; explicitFileType = wrapper.application; includeInIndex = 0; path = AnimationDemo.app; sourceTree = BUILT_PRODUCTS_DIR; };
		5A01672F2A9758C20035901F /* AppDelegate.swift */ = {isa = PBXFileReference; lastKnownFileType = sourcecode.swift; path = AppDelegate.swift; sourceTree = "<group>"; };
		5A0167362A9758C20035901F /* Base */ = {isa = PBXFileReference; lastKnownFileType = file.storyboard; name = Base; path = Base.lproj/Main.storyboard; sourceTree = "<group>"; };
		5A0167382A9758C90035901F /* Assets.xcassets */ = {isa = PBXFileReference; lastKnownFileType = folder.assetcatalog; path = Assets.xcassets; sourceTree = "<group>"; };
		5A01673B2A9758C90035901F /* Base */ = {isa = PBXFileReference; lastKnownFileType = file.storyboard; name = Base; path = Base.lproj/LaunchScreen.storyboard; sourceTree = "<group>"; };
		5A01673D2A9758C90035901F /* Info.plist */ = {isa = PBXFileReference; lastKnownFileType = text.plist.xml; path = Info.plist; sourceTree = "<group>"; };
		5A0167462A975D980035901F /* AnimateView.swift */ = {isa = PBXFileReference; lastKnownFileType = sourcecode.swift; path = AnimateView.swift; sourceTree = "<group>"; };
		5A0167492A975E480035901F /* Configuration.swift */ = {isa = PBXFileReference; lastKnownFileType = sourcecode.swift; path = Configuration.swift; sourceTree = "<group>"; };
		5A01674B2A975F010035901F /* Array+Extension.swift */ = {isa = PBXFileReference; lastKnownFileType = sourcecode.swift; path = "Array+Extension.swift"; sourceTree = "<group>"; };
		5A01674D2A975F950035901F /* ImageGenerator.swift */ = {isa = PBXFileReference; lastKnownFileType = sourcecode.swift; path = ImageGenerator.swift; sourceTree = "<group>"; };
		5A01674F2A9789B20035901F /* AnimateViewController.swift */ = {isa = PBXFileReference; lastKnownFileType = sourcecode.swift; path = AnimateViewController.swift; sourceTree = "<group>"; };
		5AEDAAB62A9791E9003A9089 /* LabelAnimation.swift */ = {isa = PBXFileReference; lastKnownFileType = sourcecode.swift; path = LabelAnimation.swift; sourceTree = "<group>"; };
		5AEDAAB82A9792B9003A9089 /* DWAnimate.swift */ = {isa = PBXFileReference; lastKnownFileType = sourcecode.swift; path = DWAnimate.swift; sourceTree = "<group>"; };
		5AEDAABA2A9792E2003A9089 /* DWHallow.swift */ = {isa = PBXFileReference; lastKnownFileType = sourcecode.swift; path = DWHallow.swift; sourceTree = "<group>"; };
/* End PBXFileReference section */

/* Begin PBXFrameworksBuildPhase section */
		5A0167292A9758C20035901F /* Frameworks */ = {
			isa = PBXFrameworksBuildPhase;
			buildActionMask = 2147483647;
			files = (
				5A0167452A975B010035901F /* EasyConfetti in Frameworks */,
			);
			runOnlyForDeploymentPostprocessing = 0;
		};
/* End PBXFrameworksBuildPhase section */

/* Begin PBXGroup section */
		5A0167232A9758C20035901F = {
			isa = PBXGroup;
			children = (
				5A01672E2A9758C20035901F /* AnimationDemo */,
				5A01672D2A9758C20035901F /* Products */,
			);
			sourceTree = "<group>";
		};
		5A01672D2A9758C20035901F /* Products */ = {
			isa = PBXGroup;
			children = (
				5A01672C2A9758C20035901F /* AnimationDemo.app */,
			);
			name = Products;
			sourceTree = "<group>";
		};
		5A01672E2A9758C20035901F /* AnimationDemo */ = {
			isa = PBXGroup;
			children = (
				5A01674F2A9789B20035901F /* AnimateViewController.swift */,
				5A0167482A975E040035901F /* Helper */,
				5A01672F2A9758C20035901F /* AppDelegate.swift */,
				5A0167352A9758C20035901F /* Main.storyboard */,
				5A0167382A9758C90035901F /* Assets.xcassets */,
				5A01673A2A9758C90035901F /* LaunchScreen.storyboard */,
				5A01673D2A9758C90035901F /* Info.plist */,
			);
			path = AnimationDemo;
			sourceTree = "<group>";
		};
		5A0167482A975E040035901F /* Helper */ = {
			isa = PBXGroup;
			children = (
				5AEDAAB52A9791C1003A9089 /* AnimateUIView */,
				5AEDAAB62A9791E9003A9089 /* LabelAnimation.swift */,
				5AEDAAB82A9792B9003A9089 /* DWAnimate.swift */,
				5AEDAABA2A9792E2003A9089 /* DWHallow.swift */,
			);
			path = Helper;
			sourceTree = "<group>";
		};
		5AEDAAB52A9791C1003A9089 /* AnimateUIView */ = {
			isa = PBXGroup;
			children = (
				5A01674B2A975F010035901F /* Array+Extension.swift */,
				5A01674D2A975F950035901F /* ImageGenerator.swift */,
				5A0167462A975D980035901F /* AnimateView.swift */,
				5A0167492A975E480035901F /* Configuration.swift */,
			);
			path = AnimateUIView;
			sourceTree = "<group>";
		};
/* End PBXGroup section */

/* Begin PBXNativeTarget section */
		5A01672B2A9758C20035901F /* AnimationDemo */ = {
			isa = PBXNativeTarget;
			buildConfigurationList = 5A0167402A9758C90035901F /* Build configuration list for PBXNativeTarget "AnimationDemo" */;
			buildPhases = (
				5A0167282A9758C20035901F /* Sources */,
				5A0167292A9758C20035901F /* Frameworks */,
				5A01672A2A9758C20035901F /* Resources */,
			);
			buildRules = (
			);
			dependencies = (
			);
			name = AnimationDemo;
			packageProductDependencies = (
				5A0167442A975B010035901F /* EasyConfetti */,
			);
			productName = AnimationDemo;
			productReference = 5A01672C2A9758C20035901F /* AnimationDemo.app */;
			productType = "com.apple.product-type.application";
		};
/* End PBXNativeTarget section */

/* Begin PBXProject section */
		5A0167242A9758C20035901F /* Project object */ = {
			isa = PBXProject;
			attributes = {
				BuildIndependentTargetsInParallel = 1;
				LastSwiftUpdateCheck = 1420;
				LastUpgradeCheck = 1420;
				TargetAttributes = {
					5A01672B2A9758C20035901F = {
						CreatedOnToolsVersion = 14.2;
					};
				};
			};
			buildConfigurationList = 5A0167272A9758C20035901F /* Build configuration list for PBXProject "AnimationDemo" */;
			compatibilityVersion = "Xcode 14.0";
			developmentRegion = en;
			hasScannedForEncodings = 0;
			knownRegions = (
				en,
				Base,
			);
			mainGroup = 5A0167232A9758C20035901F;
			packageReferences = (
				5A0167432A975B010035901F /* XCRemoteSwiftPackageReference "EasyConfetti" */,
			);
			productRefGroup = 5A01672D2A9758C20035901F /* Products */;
			projectDirPath = "";
			projectRoot = "";
			targets = (
				5A01672B2A9758C20035901F /* AnimationDemo */,
			);
		};
/* End PBXProject section */

/* Begin PBXResourcesBuildPhase section */
		5A01672A2A9758C20035901F /* Resources */ = {
			isa = PBXResourcesBuildPhase;
			buildActionMask = 2147483647;
			files = (
				5A01673C2A9758C90035901F /* LaunchScreen.storyboard in Resources */,
				5A0167392A9758C90035901F /* Assets.xcassets in Resources */,
				5A0167372A9758C20035901F /* Main.storyboard in Resources */,
			);
			runOnlyForDeploymentPostprocessing = 0;
		};
/* End PBXResourcesBuildPhase section */

/* Begin PBXSourcesBuildPhase section */
		5A0167282A9758C20035901F /* Sources */ = {
			isa = PBXSourcesBuildPhase;
			buildActionMask = 2147483647;
			files = (
				5A01674A2A975E480035901F /* Configuration.swift in Sources */,
				5A0167302A9758C20035901F /* AppDelegate.swift in Sources */,
				5A01674E2A975F950035901F /* ImageGenerator.swift in Sources */,
				5A0167502A9789B20035901F /* AnimateViewController.swift in Sources */,
				5AEDAAB92A9792B9003A9089 /* DWAnimate.swift in Sources */,
				5A01674C2A975F010035901F /* Array+Extension.swift in Sources */,
				5AEDAAB72A9791E9003A9089 /* LabelAnimation.swift in Sources */,
				5A0167472A975D980035901F /* AnimateView.swift in Sources */,
				5AEDAABB2A9792E2003A9089 /* DWHallow.swift in Sources */,
			);
			runOnlyForDeploymentPostprocessing = 0;
		};
/* End PBXSourcesBuildPhase section */

/* Begin PBXVariantGroup section */
		5A0167352A9758C20035901F /* Main.storyboard */ = {
			isa = PBXVariantGroup;
			children = (
				5A0167362A9758C20035901F /* Base */,
			);
			name = Main.storyboard;
			sourceTree = "<group>";
		};
		5A01673A2A9758C90035901F /* LaunchScreen.storyboard */ = {
			isa = PBXVariantGroup;
			children = (
				5A01673B2A9758C90035901F /* Base */,
			);
			name = LaunchScreen.storyboard;
			sourceTree = "<group>";
		};
/* End PBXVariantGroup section */

/* Begin XCBuildConfiguration section */
		5A01673E2A9758C90035901F /* Debug */ = {
			isa = XCBuildConfiguration;
			buildSettings = {
				ALWAYS_SEARCH_USER_PATHS = NO;
				CLANG_ANALYZER_NONNULL = YES;
				CLANG_ANALYZER_NUMBER_OBJECT_CONVERSION = YES_AGGRESSIVE;
				CLANG_CXX_LANGUAGE_STANDARD = "gnu++20";
				CLANG_ENABLE_MODULES = YES;
				CLANG_ENABLE_OBJC_ARC = YES;
				CLANG_ENABLE_OBJC_WEAK = YES;
				CLANG_WARN_BLOCK_CAPTURE_AUTORELEASING = YES;
				CLANG_WARN_BOOL_CONVERSION = YES;
				CLANG_WARN_COMMA = YES;
				CLANG_WARN_CONSTANT_CONVERSION = YES;
				CLANG_WARN_DEPRECATED_OBJC_IMPLEMENTATIONS = YES;
				CLANG_WARN_DIRECT_OBJC_ISA_USAGE = YES_ERROR;
				CLANG_WARN_DOCUMENTATION_COMMENTS = YES;
				CLANG_WARN_EMPTY_BODY = YES;
				CLANG_WARN_ENUM_CONVERSION = YES;
				CLANG_WARN_INFINITE_RECURSION = YES;
				CLANG_WARN_INT_CONVERSION = YES;
				CLANG_WARN_NON_LITERAL_NULL_CONVERSION = YES;
				CLANG_WARN_OBJC_IMPLICIT_RETAIN_SELF = YES;
				CLANG_WARN_OBJC_LITERAL_CONVERSION = YES;
				CLANG_WARN_OBJC_ROOT_CLASS = YES_ERROR;
				CLANG_WARN_QUOTED_INCLUDE_IN_FRAMEWORK_HEADER = YES;
				CLANG_WARN_RANGE_LOOP_ANALYSIS = YES;
				CLANG_WARN_STRICT_PROTOTYPES = YES;
				CLANG_WARN_SUSPICIOUS_MOVE = YES;
				CLANG_WARN_UNGUARDED_AVAILABILITY = YES_AGGRESSIVE;
				CLANG_WARN_UNREACHABLE_CODE = YES;
				CLANG_WARN__DUPLICATE_METHOD_MATCH = YES;
				COPY_PHASE_STRIP = NO;
				DEBUG_INFORMATION_FORMAT = dwarf;
				ENABLE_STRICT_OBJC_MSGSEND = YES;
				ENABLE_TESTABILITY = YES;
				GCC_C_LANGUAGE_STANDARD = gnu11;
				GCC_DYNAMIC_NO_PIC = NO;
				GCC_NO_COMMON_BLOCKS = YES;
				GCC_OPTIMIZATION_LEVEL = 0;
				GCC_PREPROCESSOR_DEFINITIONS = (
					"DEBUG=1",
					"$(inherited)",
				);
				GCC_WARN_64_TO_32_BIT_CONVERSION = YES;
				GCC_WARN_ABOUT_RETURN_TYPE = YES_ERROR;
				GCC_WARN_UNDECLARED_SELECTOR = YES;
				GCC_WARN_UNINITIALIZED_AUTOS = YES_AGGRESSIVE;
				GCC_WARN_UNUSED_FUNCTION = YES;
				GCC_WARN_UNUSED_VARIABLE = YES;
				IPHONEOS_DEPLOYMENT_TARGET = 16.2;
				MTL_ENABLE_DEBUG_INFO = INCLUDE_SOURCE;
				MTL_FAST_MATH = YES;
				ONLY_ACTIVE_ARCH = YES;
				SDKROOT = iphoneos;
				SWIFT_ACTIVE_COMPILATION_CONDITIONS = DEBUG;
				SWIFT_OPTIMIZATION_LEVEL = "-Onone";
			};
			name = Debug;
		};
		5A01673F2A9758C90035901F /* Release */ = {
			isa = XCBuildConfiguration;
			buildSettings = {
				ALWAYS_SEARCH_USER_PATHS = NO;
				CLANG_ANALYZER_NONNULL = YES;
				CLANG_ANALYZER_NUMBER_OBJECT_CONVERSION = YES_AGGRESSIVE;
				CLANG_CXX_LANGUAGE_STANDARD = "gnu++20";
				CLANG_ENABLE_MODULES = YES;
				CLANG_ENABLE_OBJC_ARC = YES;
				CLANG_ENABLE_OBJC_WEAK = YES;
				CLANG_WARN_BLOCK_CAPTURE_AUTORELEASING = YES;
				CLANG_WARN_BOOL_CONVERSION = YES;
				CLANG_WARN_COMMA = YES;
				CLANG_WARN_CONSTANT_CONVERSION = YES;
				CLANG_WARN_DEPRECATED_OBJC_IMPLEMENTATIONS = YES;
				CLANG_WARN_DIRECT_OBJC_ISA_USAGE = YES_ERROR;
				CLANG_WARN_DOCUMENTATION_COMMENTS = YES;
				CLANG_WARN_EMPTY_BODY = YES;
				CLANG_WARN_ENUM_CONVERSION = YES;
				CLANG_WARN_INFINITE_RECURSION = YES;
				CLANG_WARN_INT_CONVERSION = YES;
				CLANG_WARN_NON_LITERAL_NULL_CONVERSION = YES;
				CLANG_WARN_OBJC_IMPLICIT_RETAIN_SELF = YES;
				CLANG_WARN_OBJC_LITERAL_CONVERSION = YES;
				CLANG_WARN_OBJC_ROOT_CLASS = YES_ERROR;
				CLANG_WARN_QUOTED_INCLUDE_IN_FRAMEWORK_HEADER = YES;
				CLANG_WARN_RANGE_LOOP_ANALYSIS = YES;
				CLANG_WARN_STRICT_PROTOTYPES = YES;
				CLANG_WARN_SUSPICIOUS_MOVE = YES;
				CLANG_WARN_UNGUARDED_AVAILABILITY = YES_AGGRESSIVE;
				CLANG_WARN_UNREACHABLE_CODE = YES;
				CLANG_WARN__DUPLICATE_METHOD_MATCH = YES;
				COPY_PHASE_STRIP = NO;
				DEBUG_INFORMATION_FORMAT = "dwarf-with-dsym";
				ENABLE_NS_ASSERTIONS = NO;
				ENABLE_STRICT_OBJC_MSGSEND = YES;
				GCC_C_LANGUAGE_STANDARD = gnu11;
				GCC_NO_COMMON_BLOCKS = YES;
				GCC_WARN_64_TO_32_BIT_CONVERSION = YES;
				GCC_WARN_ABOUT_RETURN_TYPE = YES_ERROR;
				GCC_WARN_UNDECLARED_SELECTOR = YES;
				GCC_WARN_UNINITIALIZED_AUTOS = YES_AGGRESSIVE;
				GCC_WARN_UNUSED_FUNCTION = YES;
				GCC_WARN_UNUSED_VARIABLE = YES;
				IPHONEOS_DEPLOYMENT_TARGET = 16.2;
				MTL_ENABLE_DEBUG_INFO = NO;
				MTL_FAST_MATH = YES;
				SDKROOT = iphoneos;
				SWIFT_COMPILATION_MODE = wholemodule;
				SWIFT_OPTIMIZATION_LEVEL = "-O";
				VALIDATE_PRODUCT = YES;
			};
			name = Release;
		};
		5A0167412A9758C90035901F /* Debug */ = {
			isa = XCBuildConfiguration;
			buildSettings = {
				ASSETCATALOG_COMPILER_APPICON_NAME = AppIcon;
				ASSETCATALOG_COMPILER_GLOBAL_ACCENT_COLOR_NAME = AccentColor;
				CODE_SIGN_STYLE = Automatic;
				CURRENT_PROJECT_VERSION = 1;
				GENERATE_INFOPLIST_FILE = YES;
				INFOPLIST_FILE = AnimationDemo/Info.plist;
				INFOPLIST_KEY_UIApplicationSupportsIndirectInputEvents = YES;
				INFOPLIST_KEY_UILaunchStoryboardName = LaunchScreen;
				INFOPLIST_KEY_UIMainStoryboardFile = Main;
				INFOPLIST_KEY_UISupportedInterfaceOrientations_iPad = "UIInterfaceOrientationPortrait UIInterfaceOrientationPortraitUpsideDown UIInterfaceOrientationLandscapeLeft UIInterfaceOrientationLandscapeRight";
				INFOPLIST_KEY_UISupportedInterfaceOrientations_iPhone = "UIInterfaceOrientationPortrait UIInterfaceOrientationLandscapeLeft UIInterfaceOrientationLandscapeRight";
				IPHONEOS_DEPLOYMENT_TARGET = 14.0;
				LD_RUNPATH_SEARCH_PATHS = (
					"$(inherited)",
					"@executable_path/Frameworks",
				);
				MARKETING_VERSION = 1.0;
				PRODUCT_BUNDLE_IDENTIFIER = com.sparkout.AnimationDemo;
				PRODUCT_NAME = "$(TARGET_NAME)";
				SWIFT_EMIT_LOC_STRINGS = YES;
				SWIFT_VERSION = 5.0;
				TARGETED_DEVICE_FAMILY = "1,2";
			};
			name = Debug;
		};
		5A0167422A9758C90035901F /* Release */ = {
			isa = XCBuildConfiguration;
			buildSettings = {
				ASSETCATALOG_COMPILER_APPICON_NAME = AppIcon;
				ASSETCATALOG_COMPILER_GLOBAL_ACCENT_COLOR_NAME = AccentColor;
				CODE_SIGN_STYLE = Automatic;
				CURRENT_PROJECT_VERSION = 1;
				GENERATE_INFOPLIST_FILE = YES;
				INFOPLIST_FILE = AnimationDemo/Info.plist;
				INFOPLIST_KEY_UIApplicationSupportsIndirectInputEvents = YES;
				INFOPLIST_KEY_UILaunchStoryboardName = LaunchScreen;
				INFOPLIST_KEY_UIMainStoryboardFile = Main;
				INFOPLIST_KEY_UISupportedInterfaceOrientations_iPad = "UIInterfaceOrientationPortrait UIInterfaceOrientationPortraitUpsideDown UIInterfaceOrientationLandscapeLeft UIInterfaceOrientationLandscapeRight";
				INFOPLIST_KEY_UISupportedInterfaceOrientations_iPhone = "UIInterfaceOrientationPortrait UIInterfaceOrientationLandscapeLeft UIInterfaceOrientationLandscapeRight";
				IPHONEOS_DEPLOYMENT_TARGET = 14.0;
				LD_RUNPATH_SEARCH_PATHS = (
					"$(inherited)",
					"@executable_path/Frameworks",
				);
				MARKETING_VERSION = 1.0;
				PRODUCT_BUNDLE_IDENTIFIER = com.sparkout.AnimationDemo;
				PRODUCT_NAME = "$(TARGET_NAME)";
				SWIFT_EMIT_LOC_STRINGS = YES;
				SWIFT_VERSION = 5.0;
				TARGETED_DEVICE_FAMILY = "1,2";
			};
			name = Release;
		};
/* End XCBuildConfiguration section */

/* Begin XCConfigurationList section */
		5A0167272A9758C20035901F /* Build configuration list for PBXProject "AnimationDemo" */ = {
			isa = XCConfigurationList;
			buildConfigurations = (
				5A01673E2A9758C90035901F /* Debug */,
				5A01673F2A9758C90035901F /* Release */,
			);
			defaultConfigurationIsVisible = 0;
			defaultConfigurationName = Release;
		};
		5A0167402A9758C90035901F /* Build configuration list for PBXNativeTarget "AnimationDemo" */ = {
			isa = XCConfigurationList;
			buildConfigurations = (
				5A0167412A9758C90035901F /* Debug */,
				5A0167422A9758C90035901F /* Release */,
			);
			defaultConfigurationIsVisible = 0;
			defaultConfigurationName = Release;
		};
/* End XCConfigurationList section */

/* Begin XCRemoteSwiftPackageReference section */
		5A0167432A975B010035901F /* XCRemoteSwiftPackageReference "EasyConfetti" */ = {
			isa = XCRemoteSwiftPackageReference;
			repositoryURL = "https://github.com/onmyway133/EasyConfetti.git";
			requirement = {
				kind = upToNextMajorVersion;
				minimumVersion = 2.0.0;
			};
		};
/* End XCRemoteSwiftPackageReference section */

/* Begin XCSwiftPackageProductDependency section */
		5A0167442A975B010035901F /* EasyConfetti */ = {
			isa = XCSwiftPackageProductDependency;
			package = 5A0167432A975B010035901F /* XCRemoteSwiftPackageReference "EasyConfetti" */;
			productName = EasyConfetti;
		};
/* End XCSwiftPackageProductDependency section */
	};
	rootObject = 5A0167242A9758C20035901F /* Project object */;
}
